// !$*UTF8*$!
{
	archiveVersion = 1;
	classes = {
	};
	objectVersion = 77;
	objects = {

/* Begin PBXBuildFile section */
		01165853430EE5DE9141301A /* AppTab.swift in Sources */ = {isa = PBXBuildFile; fileRef = 4B520B542390E42DD8D07575 /* AppTab.swift */; };
		258C743A189C6A412E34A9A3 /* SmokeTests.swift in Sources */ = {isa = PBXBuildFile; fileRef = 497717384B7A5CCBD97747D7 /* SmokeTests.swift */; };
		6274B8E34DD41B73467F5A2F /* Assets.xcassets in Resources */ = {isa = PBXBuildFile; fileRef = 21360B8DF59856908D8D6401 /* Assets.xcassets */; };
		920793DED37DCD28C994E59B /* RootTabView.swift in Sources */ = {isa = PBXBuildFile; fileRef = 16C0D743A0331CB6D142FEFE /* RootTabView.swift */; };
		D7083B98189C7528CC37736B /* BoulderTracker.icon in Resources */ = {isa = PBXBuildFile; fileRef = 001BB8EBAC47BEE852B97434 /* BoulderTracker.icon */; };
		D8B196AD7D9BB39D524F226F /* BoulderTrackerApp.swift in Sources */ = {isa = PBXBuildFile; fileRef = 8F98D93960086286608D189D /* BoulderTrackerApp.swift */; };
/* End PBXBuildFile section */

/* Begin PBXContainerItemProxy section */
		309FFBF25339C161F206DE6C /* PBXContainerItemProxy */ = {
			isa = PBXContainerItemProxy;
			containerPortal = CAD5039BDD6ABF8A3BE68E45 /* Project object */;
			proxyType = 1;
			remoteGlobalIDString = 248356CD35F77919C7E8E9CA;
			remoteInfo = BoulderTracker;
		};
/* End PBXContainerItemProxy section */

/* Begin PBXFileReference section */
		001BB8EBAC47BEE852B97434 /* BoulderTracker.icon */ = {isa = PBXFileReference; lastKnownFileType = folder.iconcomposer.icon; name = BoulderTracker.icon; path = BoulderTracker/BoulderTracker.icon; sourceTree = SOURCE_ROOT; };
		16C0D743A0331CB6D142FEFE /* RootTabView.swift */ = {isa = PBXFileReference; lastKnownFileType = sourcecode.swift; path = RootTabView.swift; sourceTree = "<group>"; };
		21360B8DF59856908D8D6401 /* Assets.xcassets */ = {isa = PBXFileReference; lastKnownFileType = folder.assetcatalog; path = Assets.xcassets; sourceTree = "<group>"; };
		4745F2D40EDEC6B48CEBD3F4 /* BoulderTracker.entitlements */ = {isa = PBXFileReference; lastKnownFileType = text.plist.entitlements; path = BoulderTracker.entitlements; sourceTree = "<group>"; };
		497717384B7A5CCBD97747D7 /* SmokeTests.swift */ = {isa = PBXFileReference; lastKnownFileType = sourcecode.swift; path = SmokeTests.swift; sourceTree = "<group>"; };
		4B520B542390E42DD8D07575 /* AppTab.swift */ = {isa = PBXFileReference; lastKnownFileType = sourcecode.swift; path = AppTab.swift; sourceTree = "<group>"; };
		52B3345460DD06FDC9EEC9BD /* BoulderTrackerTests.xctest */ = {isa = PBXFileReference; includeInIndex = 0; lastKnownFileType = wrapper.cfbundle; path = BoulderTrackerTests.xctest; sourceTree = BUILT_PRODUCTS_DIR; };
		8F98D93960086286608D189D /* BoulderTrackerApp.swift */ = {isa = PBXFileReference; lastKnownFileType = sourcecode.swift; path = BoulderTrackerApp.swift; sourceTree = "<group>"; };
		DD1C069C0CDE40F8EB3985C6 /* BoulderTracker.app */ = {isa = PBXFileReference; includeInIndex = 0; lastKnownFileType = wrapper.application; path = BoulderTracker.app; sourceTree = BUILT_PRODUCTS_DIR; };
/* End PBXFileReference section */

/* Begin PBXGroup section */
		06A387DBE671BD64E74AB998 /* Products */ = {
			isa = PBXGroup;
			children = (
				DD1C069C0CDE40F8EB3985C6 /* BoulderTracker.app */,
				52B3345460DD06FDC9EEC9BD /* BoulderTrackerTests.xctest */,
			);
			name = Products;
			sourceTree = "<group>";
		};
		2105670FA03B223E3BE19C89 /* BoulderTracker */ = {
			isa = PBXGroup;
			children = (
				21360B8DF59856908D8D6401 /* Assets.xcassets */,
				4745F2D40EDEC6B48CEBD3F4 /* BoulderTracker.entitlements */,
				21DC1F76FF6117B861E01935 /* App */,
			);
			path = BoulderTracker;
			sourceTree = "<group>";
		};
		21DC1F76FF6117B861E01935 /* App */ = {
			isa = PBXGroup;
			children = (
				4B520B542390E42DD8D07575 /* AppTab.swift */,
				8F98D93960086286608D189D /* BoulderTrackerApp.swift */,
				16C0D743A0331CB6D142FEFE /* RootTabView.swift */,
			);
			path = App;
			sourceTree = "<group>";
		};
		3D49F7D43B825D6720C22896 /* BoulderTrackerTests */ = {
			isa = PBXGroup;
			children = (
				497717384B7A5CCBD97747D7 /* SmokeTests.swift */,
			);
			path = BoulderTrackerTests;
			sourceTree = "<group>";
		};
		A8BAC1B794FB2A36718B6F94 = {
			isa = PBXGroup;
			children = (
				001BB8EBAC47BEE852B97434 /* BoulderTracker.icon */,
				2105670FA03B223E3BE19C89 /* BoulderTracker */,
				3D49F7D43B825D6720C22896 /* BoulderTrackerTests */,
				06A387DBE671BD64E74AB998 /* Products */,
			);
			sourceTree = "<group>";
		};
/* End PBXGroup section */

/* Begin PBXNativeTarget section */
		248356CD35F77919C7E8E9CA /* BoulderTracker */ = {
			isa = PBXNativeTarget;
			buildConfigurationList = 693609283AAF0BA3FC938521 /* Build configuration list for PBXNativeTarget "BoulderTracker" */;
			buildPhases = (
				A6AE988074532AAECD407AF4 /* Sources */,
				A8E2986A18221E511FA94DFC /* Resources */,
			);
			buildRules = (
			);
			dependencies = (
			);
			name = BoulderTracker;
			packageProductDependencies = (
			);
			productName = BoulderTracker;
			productReference = DD1C069C0CDE40F8EB3985C6 /* BoulderTracker.app */;
			productType = "com.apple.product-type.application";
		};
		2F56ABFA5A57FEA83CEB0E2C /* BoulderTrackerTests */ = {
			isa = PBXNativeTarget;
			buildConfigurationList = CB29B9CB23BFE531DE855D2E /* Build configuration list for PBXNativeTarget "BoulderTrackerTests" */;
			buildPhases = (
				A845D00DE2AB3A6A77354C18 /* Sources */,
			);
			buildRules = (
			);
			dependencies = (
				3D6504709AFA8F3343CABCB9 /* PBXTargetDependency */,
			);
			name = BoulderTrackerTests;
			packageProductDependencies = (
			);
			productName = BoulderTrackerTests;
			productReference = 52B3345460DD06FDC9EEC9BD /* BoulderTrackerTests.xctest */;
			productType = "com.apple.product-type.bundle.unit-test";
		};
/* End PBXNativeTarget section */

/* Begin PBXProject section */
		CAD5039BDD6ABF8A3BE68E45 /* Project object */ = {
			isa = PBXProject;
			attributes = {
				BuildIndependentTargetsInParallel = YES;
				LastUpgradeCheck = 1430;
				TargetAttributes = {
				};
			};
			buildConfigurationList = 46917A3B1771C92EDC1984A5 /* Build configuration list for PBXProject "BoulderTracker" */;
			developmentRegion = en;
			hasScannedForEncodings = 0;
			knownRegions = (
				Base,
				en,
			);
			mainGroup = A8BAC1B794FB2A36718B6F94;
			minimizedProjectReferenceProxies = 1;
			preferredProjectObjectVersion = 77;
			productRefGroup = 06A387DBE671BD64E74AB998 /* Products */;
			projectDirPath = "";
			projectRoot = "";
			targets = (
				248356CD35F77919C7E8E9CA /* BoulderTracker */,
				2F56ABFA5A57FEA83CEB0E2C /* BoulderTrackerTests */,
			);
		};
/* End PBXProject section */

/* Begin PBXResourcesBuildPhase section */
		A8E2986A18221E511FA94DFC /* Resources */ = {
			isa = PBXResourcesBuildPhase;
			buildActionMask = 2147483647;
			files = (
				6274B8E34DD41B73467F5A2F /* Assets.xcassets in Resources */,
				D7083B98189C7528CC37736B /* BoulderTracker.icon in Resources */,
			);
			runOnlyForDeploymentPostprocessing = 0;
		};
/* End PBXResourcesBuildPhase section */

/* Begin PBXSourcesBuildPhase section */
		A6AE988074532AAECD407AF4 /* Sources */ = {
			isa = PBXSourcesBuildPhase;
			buildActionMask = 2147483647;
			files = (
				01165853430EE5DE9141301A /* AppTab.swift in Sources */,
				D8B196AD7D9BB39D524F226F /* BoulderTrackerApp.swift in Sources */,
				920793DED37DCD28C994E59B /* RootTabView.swift in Sources */,
			);
			runOnlyForDeploymentPostprocessing = 0;
		};
		A845D00DE2AB3A6A77354C18 /* Sources */ = {
			isa = PBXSourcesBuildPhase;
			buildActionMask = 2147483647;
			files = (
				258C743A189C6A412E34A9A3 /* SmokeTests.swift in Sources */,
			);
			runOnlyForDeploymentPostprocessing = 0;
		};
/* End PBXSourcesBuildPhase section */

/* Begin PBXTargetDependency section */
		3D6504709AFA8F3343CABCB9 /* PBXTargetDependency */ = {
			isa = PBXTargetDependency;
			target = 248356CD35F77919C7E8E9CA /* BoulderTracker */;
			targetProxy = 309FFBF25339C161F206DE6C /* PBXContainerItemProxy */;
		};
/* End PBXTargetDependency section */

/* Begin XCBuildConfiguration section */
		057B758D588117BFC383B9B0 /* Release */ = {
			isa = XCBuildConfiguration;
			buildSettings = {
				ASSETCATALOG_COMPILER_APPICON_NAME = BoulderTracker;
				ASSETCATALOG_COMPILER_GLOBAL_ACCENT_COLOR_NAME = AccentColor;
				CODE_SIGN_ENTITLEMENTS = BoulderTracker/BoulderTracker.entitlements;
				CODE_SIGN_IDENTITY = "iPhone Developer";
				GENERATE_INFOPLIST_FILE = YES;
				INFOPLIST_KEY_NSCameraUsageDescription = "Photograph boulder problems you log.";
				INFOPLIST_KEY_NSHealthShareUsageDescription = "Not used for reading; required by HealthKit entitlement.";
				INFOPLIST_KEY_NSHealthUpdateUsageDescription = "Save climbing sessions as workouts in Apple Health.";
				INFOPLIST_KEY_NSPhotoLibraryAddUsageDescription = "Save route photos you take.";
				LD_RUNPATH_SEARCH_PATHS = (
					"$(inherited)",
					"@executable_path/Frameworks",
				);
				PRODUCT_BUNDLE_IDENTIFIER = com.liammelkersson.BoulderTracker;
				SDKROOT = iphoneos;
				SWIFT_VERSION = 6.0;
				TARGETED_DEVICE_FAMILY = 1;
			};
			name = Release;
		};
		3284E9DA8E8896D8374AE176 /* Debug */ = {
			isa = XCBuildConfiguration;
			buildSettings = {
				BUNDLE_LOADER = "$(TEST_HOST)";
				GENERATE_INFOPLIST_FILE = YES;
				LD_RUNPATH_SEARCH_PATHS = (
					"$(inherited)",
					"@executable_path/Frameworks",
					"@loader_path/Frameworks",
				);
				PRODUCT_BUNDLE_IDENTIFIER = com.liammelkersson.BoulderTrackerTests;
				SDKROOT = iphoneos;
				TARGETED_DEVICE_FAMILY = "1,2";
				TEST_HOST = "$(BUILT_PRODUCTS_DIR)/BoulderTracker.app/BoulderTracker";
			};
			name = Debug;
		};
		7FA801855626BAC6211AE8D8 /* Release */ = {
			isa = XCBuildConfiguration;
			buildSettings = {
				ALWAYS_SEARCH_USER_PATHS = NO;
				CLANG_ANALYZER_NONNULL = YES;
				CLANG_ANALYZER_NUMBER_OBJECT_CONVERSION = YES_AGGRESSIVE;
				CLANG_CXX_LANGUAGE_STANDARD = "gnu++14";
				CLANG_CXX_LIBRARY = "libc++";
				CLANG_ENABLE_MODULES = YES;
				CLANG_ENABLE_OBJC_ARC = YES;
				CLANG_ENABLE_OBJC_WEAK = YES;
				CLANG_WARN_BLOCK_CAPTURE_AUTORELEASING = YES;
				CLANG_WARN_BOOL_CONVERSION = YES;
				CLANG_WARN_COMMA = YES;
				CLANG_WARN_CONSTANT_CONVERSION = YES;
				CLANG_WARN_DEPRECATED_OBJC_IMPLEMENTATIONS = YES;
				CLANG_WARN_DIRECT_OBJC_ISA_USAGE = YES_ERROR;
				CLANG_WARN_DOCUMENTATION_COMMENTS = YES;
				CLANG_WARN_EMPTY_BODY = YES;
				CLANG_WARN_ENUM_CONVERSION = YES;
				CLANG_WARN_INFINITE_RECURSION = YES;
				CLANG_WARN_INT_CONVERSION = YES;
				CLANG_WARN_NON_LITERAL_NULL_CONVERSION = YES;
				CLANG_WARN_OBJC_IMPLICIT_RETAIN_SELF = YES;
				CLANG_WARN_OBJC_LITERAL_CONVERSION = YES;
				CLANG_WARN_OBJC_ROOT_CLASS = YES_ERROR;
				CLANG_WARN_QUOTED_INCLUDE_IN_FRAMEWORK_HEADER = YES;
				CLANG_WARN_RANGE_LOOP_ANALYSIS = YES;
				CLANG_WARN_STRICT_PROTOTYPES = YES;
				CLANG_WARN_SUSPICIOUS_MOVE = YES;
				CLANG_WARN_UNGUARDED_AVAILABILITY = YES_AGGRESSIVE;
				CLANG_WARN_UNREACHABLE_CODE = YES;
				CLANG_WARN__DUPLICATE_METHOD_MATCH = YES;
				COPY_PHASE_STRIP = NO;
				DEBUG_INFORMATION_FORMAT = "dwarf-with-dsym";
				ENABLE_NS_ASSERTIONS = NO;
				ENABLE_STRICT_OBJC_MSGSEND = YES;
				GCC_C_LANGUAGE_STANDARD = gnu11;
				GCC_NO_COMMON_BLOCKS = YES;
				GCC_WARN_64_TO_32_BIT_CONVERSION = YES;
				GCC_WARN_ABOUT_RETURN_TYPE = YES_ERROR;
				GCC_WARN_UNDECLARED_SELECTOR = YES;
				GCC_WARN_UNINITIALIZED_AUTOS = YES_AGGRESSIVE;
				GCC_WARN_UNUSED_FUNCTION = YES;
				GCC_WARN_UNUSED_VARIABLE = YES;
				IPHONEOS_DEPLOYMENT_TARGET = 26.0;
				MTL_ENABLE_DEBUG_INFO = NO;
				MTL_FAST_MATH = YES;
				PRODUCT_NAME = "$(TARGET_NAME)";
				SDKROOT = iphoneos;
				SWIFT_COMPILATION_MODE = wholemodule;
				SWIFT_OPTIMIZATION_LEVEL = "-O";
				SWIFT_VERSION = 5.0;
			};
			name = Release;
		};
		944340573FB0A72E6E98EACE /* Debug */ = {
			isa = XCBuildConfiguration;
			buildSettings = {
				ALWAYS_SEARCH_USER_PATHS = NO;
				CLANG_ANALYZER_NONNULL = YES;
				CLANG_ANALYZER_NUMBER_OBJECT_CONVERSION = YES_AGGRESSIVE;
				CLANG_CXX_LANGUAGE_STANDARD = "gnu++14";
				CLANG_CXX_LIBRARY = "libc++";
				CLANG_ENABLE_MODULES = YES;
				CLANG_ENABLE_OBJC_ARC = YES;
				CLANG_ENABLE_OBJC_WEAK = YES;
				CLANG_WARN_BLOCK_CAPTURE_AUTORELEASING = YES;
				CLANG_WARN_BOOL_CONVERSION = YES;
				CLANG_WARN_COMMA = YES;
				CLANG_WARN_CONSTANT_CONVERSION = YES;
				CLANG_WARN_DEPRECATED_OBJC_IMPLEMENTATIONS = YES;
				CLANG_WARN_DIRECT_OBJC_ISA_USAGE = YES_ERROR;
				CLANG_WARN_DOCUMENTATION_COMMENTS = YES;
				CLANG_WARN_EMPTY_BODY = YES;
				CLANG_WARN_ENUM_CONVERSION = YES;
				CLANG_WARN_INFINITE_RECURSION = YES;
				CLANG_WARN_INT_CONVERSION = YES;
				CLANG_WARN_NON_LITERAL_NULL_CONVERSION = YES;
				CLANG_WARN_OBJC_IMPLICIT_RETAIN_SELF = YES;
				CLANG_WARN_OBJC_LITERAL_CONVERSION = YES;
				CLANG_WARN_OBJC_ROOT_CLASS = YES_ERROR;
				CLANG_WARN_QUOTED_INCLUDE_IN_FRAMEWORK_HEADER = YES;
				CLANG_WARN_RANGE_LOOP_ANALYSIS = YES;
				CLANG_WARN_STRICT_PROTOTYPES = YES;
				CLANG_WARN_SUSPICIOUS_MOVE = YES;
				CLANG_WARN_UNGUARDED_AVAILABILITY = YES_AGGRESSIVE;
				CLANG_WARN_UNREACHABLE_CODE = YES;
				CLANG_WARN__DUPLICATE_METHOD_MATCH = YES;
				COPY_PHASE_STRIP = NO;
				DEBUG_INFORMATION_FORMAT = dwarf;
				ENABLE_STRICT_OBJC_MSGSEND = YES;
				ENABLE_TESTABILITY = YES;
				GCC_C_LANGUAGE_STANDARD = gnu11;
				GCC_DYNAMIC_NO_PIC = NO;
				GCC_NO_COMMON_BLOCKS = YES;
				GCC_OPTIMIZATION_LEVEL = 0;
				GCC_PREPROCESSOR_DEFINITIONS = (
					"$(inherited)",
					"DEBUG=1",
				);
				GCC_WARN_64_TO_32_BIT_CONVERSION = YES;
				GCC_WARN_ABOUT_RETURN_TYPE = YES_ERROR;
				GCC_WARN_UNDECLARED_SELECTOR = YES;
				GCC_WARN_UNINITIALIZED_AUTOS = YES_AGGRESSIVE;
				GCC_WARN_UNUSED_FUNCTION = YES;
				GCC_WARN_UNUSED_VARIABLE = YES;
				IPHONEOS_DEPLOYMENT_TARGET = 26.0;
				MTL_ENABLE_DEBUG_INFO = INCLUDE_SOURCE;
				MTL_FAST_MATH = YES;
				ONLY_ACTIVE_ARCH = YES;
				PRODUCT_NAME = "$(TARGET_NAME)";
				SDKROOT = iphoneos;
				SWIFT_ACTIVE_COMPILATION_CONDITIONS = DEBUG;
				SWIFT_OPTIMIZATION_LEVEL = "-Onone";
				SWIFT_VERSION = 5.0;
			};
			name = Debug;
		};
		C9839662BD76B9CD1077A7B1 /* Release */ = {
			isa = XCBuildConfiguration;
			buildSettings = {
				BUNDLE_LOADER = "$(TEST_HOST)";
				GENERATE_INFOPLIST_FILE = YES;
				LD_RUNPATH_SEARCH_PATHS = (
					"$(inherited)",
					"@executable_path/Frameworks",
					"@loader_path/Frameworks",
				);
				PRODUCT_BUNDLE_IDENTIFIER = com.liammelkersson.BoulderTrackerTests;
				SDKROOT = iphoneos;
				TARGETED_DEVICE_FAMILY = "1,2";
				TEST_HOST = "$(BUILT_PRODUCTS_DIR)/BoulderTracker.app/BoulderTracker";
			};
			name = Release;
		};
		D0107F9543A3A4417199494E /* Debug */ = {
			isa = XCBuildConfiguration;
			buildSettings = {
				ASSETCATALOG_COMPILER_APPICON_NAME = BoulderTracker;
				ASSETCATALOG_COMPILER_GLOBAL_ACCENT_COLOR_NAME = AccentColor;
				CODE_SIGN_ENTITLEMENTS = BoulderTracker/BoulderTracker.entitlements;
				CODE_SIGN_IDENTITY = "iPhone Developer";
				GENERATE_INFOPLIST_FILE = YES;
				INFOPLIST_KEY_NSCameraUsageDescription = "Photograph boulder problems you log.";
				INFOPLIST_KEY_NSHealthShareUsageDescription = "Not used for reading; required by HealthKit entitlement.";
				INFOPLIST_KEY_NSHealthUpdateUsageDescription = "Save climbing sessions as workouts in Apple Health.";
				INFOPLIST_KEY_NSPhotoLibraryAddUsageDescription = "Save route photos you take.";
				LD_RUNPATH_SEARCH_PATHS = (
					"$(inherited)",
					"@executable_path/Frameworks",
				);
				PRODUCT_BUNDLE_IDENTIFIER = com.liammelkersson.BoulderTracker;
				SDKROOT = iphoneos;
				SWIFT_VERSION = 6.0;
				TARGETED_DEVICE_FAMILY = 1;
			};
			name = Debug;
		};
/* End XCBuildConfiguration section */

/* Begin XCConfigurationList section */
		46917A3B1771C92EDC1984A5 /* Build configuration list for PBXProject "BoulderTracker" */ = {
			isa = XCConfigurationList;
			buildConfigurations = (
				944340573FB0A72E6E98EACE /* Debug */,
				7FA801855626BAC6211AE8D8 /* Release */,
			);
			defaultConfigurationIsVisible = 0;
			defaultConfigurationName = Debug;
		};
		693609283AAF0BA3FC938521 /* Build configuration list for PBXNativeTarget "BoulderTracker" */ = {
			isa = XCConfigurationList;
			buildConfigurations = (
				D0107F9543A3A4417199494E /* Debug */,
				057B758D588117BFC383B9B0 /* Release */,
			);
			defaultConfigurationIsVisible = 0;
			defaultConfigurationName = Debug;
		};
		CB29B9CB23BFE531DE855D2E /* Build configuration list for PBXNativeTarget "BoulderTrackerTests" */ = {
			isa = XCConfigurationList;
			buildConfigurations = (
				3284E9DA8E8896D8374AE176 /* Debug */,
				C9839662BD76B9CD1077A7B1 /* Release */,
			);
			defaultConfigurationIsVisible = 0;
			defaultConfigurationName = Debug;
		};
/* End XCConfigurationList section */
	};
	rootObject = CAD5039BDD6ABF8A3BE68E45 /* Project object */;
}
